
Microsoft Visual Studio Solution File, Format Version 12.00
Project("{FAE04EC0-301F-11D3-BF4B-00C04F79EFBC}") = "InvertedIndexSearcher", "InvertedIndexSearcher\InvertedIndexSearcher.csproj", "{6D13D4FA-5415-4B95-8AF1-958D50CE0868}"
EndProject
Project("{FAE04EC0-301F-11D3-BF4B-00C04F79EFBC}") = "InvertedIndexTest", "InvertedIndexTest\InvertedIndexTest.csproj", "{52061FAD-41A0-4805-91BC-2237AD4EA667}"
EndProject
Global
	GlobalSection(SolutionConfigurationPlatforms) = preSolution
		Debug|Any CPU = Debug|Any CPU
		Release|Any CPU = Release|Any CPU
	EndGlobalSection
	GlobalSection(ProjectConfigurationPlatforms) = postSolution
		{6D13D4FA-5415-4B95-8AF1-958D50CE0868}.Debug|Any CPU.ActiveCfg = Debug|Any CPU
		{6D13D4FA-5415-4B95-8AF1-958D50CE0868}.Debug|Any CPU.Build.0 = Debug|Any CPU
		{6D13D4FA-5415-4B95-8AF1-958D50CE0868}.Release|Any CPU.ActiveCfg = Release|Any CPU
		{6D13D4FA-5415-4B95-8AF1-958D50CE0868}.Release|Any CPU.Build.0 = Release|Any CPU
		{52061FAD-41A0-4805-91BC-2237AD4EA667}.Debug|Any CPU.ActiveCfg = Debug|Any CPU
		{52061FAD-41A0-4805-91BC-2237AD4EA667}.Debug|Any CPU.Build.0 = Debug|Any CPU
		{52061FAD-41A0-4805-91BC-2237AD4EA667}.Release|Any CPU.ActiveCfg = Release|Any CPU
		{52061FAD-41A0-4805-91BC-2237AD4EA667}.Release|Any CPU.Build.0 = Release|Any CPU
	EndGlobalSection
EndGlobal
