
Microsoft Visual Studio Solution File, Format Version 12.00
Project("{FAE04EC0-301F-11D3-BF4B-00C04F79EFBC}") = "WebApplication", "WebApplication\WebApplication.csproj", "{4527BA50-DE57-4EF1-A55B-1082D7A68502}"
EndProject
Project("{FAE04EC0-301F-11D3-BF4B-00C04F79EFBC}") = "Search", "Search\Search.csproj", "{1F8CD88D-69C6-47FA-8130-F2872A538D37}"
EndProject
Global
	GlobalSection(SolutionConfigurationPlatforms) = preSolution
		Debug|Any CPU = Debug|Any CPU
		Release|Any CPU = Release|Any CPU
	EndGlobalSection
	GlobalSection(ProjectConfigurationPlatforms) = postSolution
		{4527BA50-DE57-4EF1-A55B-1082D7A68502}.Debug|Any CPU.ActiveCfg = Debug|Any CPU
		{4527BA50-DE57-4EF1-A55B-1082D7A68502}.Debug|Any CPU.Build.0 = Debug|Any CPU
		{4527BA50-DE57-4EF1-A55B-1082D7A68502}.Release|Any CPU.ActiveCfg = Release|Any CPU
		{4527BA50-DE57-4EF1-A55B-1082D7A68502}.Release|Any CPU.Build.0 = Release|Any CPU
		{1F8CD88D-69C6-47FA-8130-F2872A538D37}.Debug|Any CPU.ActiveCfg = Debug|Any CPU
		{1F8CD88D-69C6-47FA-8130-F2872A538D37}.Debug|Any CPU.Build.0 = Debug|Any CPU
		{1F8CD88D-69C6-47FA-8130-F2872A538D37}.Release|Any CPU.ActiveCfg = Release|Any CPU
		{1F8CD88D-69C6-47FA-8130-F2872A538D37}.Release|Any CPU.Build.0 = Release|Any CPU
	EndGlobalSection
EndGlobal
